{
  "name": "zh-converter",
  "version": "1.0.0",
  "lockfileVersion": 1,
  "requires": true,
  "dependencies": {
    "chinese-conv": {
      "version": "1.0.1",
      "resolved": "https://registry.npmjs.org/chinese-conv/-/chinese-conv-1.0.1.tgz",
      "integrity": "sha1-wp7crs9pwkkN6G5dJor3GuL5MFE="
    }
  }
}
